
Microsoft Visual Studio Solution File, Format Version 12.00
# Visual Studio Version 16
VisualStudioVersion = 16.0.29519.87
MinimumVisualStudioVersion = 10.0.40219.1
Project("{FAE04EC0-301F-11D3-BF4B-00C04F79EFBC}") = "AlgoExperts", "ConsoleApp1\AlgoExperts.csproj", "{74B4B5AE-3EB6-46F5-B31B-F3E7150F4275}"
EndProject
Global
	GlobalSection(SolutionConfigurationPlatforms) = preSolution
		Debug|Any CPU = Debug|Any CPU
		Release|Any CPU = Release|Any CPU
	EndGlobalSection
	GlobalSection(ProjectConfigurationPlatforms) = postSolution
		{74B4B5AE-3EB6-46F5-B31B-F3E7150F4275}.Debug|Any CPU.ActiveCfg = Debug|Any CPU
		{74B4B5AE-3EB6-46F5-B31B-F3E7150F4275}.Debug|Any CPU.Build.0 = Debug|Any CPU
		{74B4B5AE-3EB6-46F5-B31B-F3E7150F4275}.Release|Any CPU.ActiveCfg = Release|Any CPU
		{74B4B5AE-3EB6-46F5-B31B-F3E7150F4275}.Release|Any CPU.Build.0 = Release|Any CPU
	EndGlobalSection
	GlobalSection(SolutionProperties) = preSolution
		HideSolutionNode = FALSE
	EndGlobalSection
	GlobalSection(ExtensibilityGlobals) = postSolution
		SolutionGuid = {FF6BFD34-3602-479D-BDB5-C824CC1B92F8}
	EndGlobalSection
EndGlobal
